{
  "name": "find-entity",
  "version": "1.0.0",
  "lockfileVersion": 1,
  "requires": true,
  "dependencies": {
    "geographic-item-search": {
      "version": "1.0.0",
      "resolved": "https://registry.npmjs.org/geographic-item-search/-/geographic-item-search-1.0.0.tgz",
      "integrity": "sha512-y3y+pUhQRoohqQ+xud6Ktwci91y7xDYkBDA7ztlvWlRsFSOrNWGom09Yz/B7t5JURDRfLEWpWy3XiPi1mKG1pw=="
    }
  }
}
